
Microsoft Visual Studio Solution File, Format Version 12.00
Project("{FAE04EC0-301F-11D3-BF4B-00C04F79EFBC}") = "SimpleDapperAOT.Main", "SimpleDapperAOT.Main\SimpleDapperAOT.Main.csproj", "{890A95B8-6C84-4244-B2DD-0F220B6449D1}"
EndProject
Project("{FAE04EC0-301F-11D3-BF4B-00C04F79EFBC}") = "SimpleDapperAOT.DataAccess", "SimpleDapperAOT.DataAccess\SimpleDapperAOT.DataAccess.csproj", "{B242C3E5-6428-4C2E-8BB6-7902D4059AE0}"
EndProject
Global
	GlobalSection(SolutionConfigurationPlatforms) = preSolution
		Debug|Any CPU = Debug|Any CPU
		Release|Any CPU = Release|Any CPU
	EndGlobalSection
	GlobalSection(ProjectConfigurationPlatforms) = postSolution
		{890A95B8-6C84-4244-B2DD-0F220B6449D1}.Debug|Any CPU.ActiveCfg = Debug|Any CPU
		{890A95B8-6C84-4244-B2DD-0F220B6449D1}.Debug|Any CPU.Build.0 = Debug|Any CPU
		{890A95B8-6C84-4244-B2DD-0F220B6449D1}.Release|Any CPU.ActiveCfg = Release|Any CPU
		{890A95B8-6C84-4244-B2DD-0F220B6449D1}.Release|Any CPU.Build.0 = Release|Any CPU
		{B242C3E5-6428-4C2E-8BB6-7902D4059AE0}.Debug|Any CPU.ActiveCfg = Debug|Any CPU
		{B242C3E5-6428-4C2E-8BB6-7902D4059AE0}.Debug|Any CPU.Build.0 = Debug|Any CPU
		{B242C3E5-6428-4C2E-8BB6-7902D4059AE0}.Release|Any CPU.ActiveCfg = Release|Any CPU
		{B242C3E5-6428-4C2E-8BB6-7902D4059AE0}.Release|Any CPU.Build.0 = Release|Any CPU
	EndGlobalSection
EndGlobal
